
Microsoft Visual Studio Solution File, Format Version 12.00
# Visual Studio Version 16
VisualStudioVersion = 16.0.30907.101
MinimumVisualStudioVersion = 10.0.40219.1
Project("{FAE04EC0-301F-11D3-BF4B-00C04F79EFBC}") = "Ejercicio5", "Ejercicio5.csproj", "{194931FB-8B3E-4B57-B9CF-D1A789A0C9B4}"
EndProject
Global
	GlobalSection(SolutionConfigurationPlatforms) = preSolution
		Debug|Any CPU = Debug|Any CPU
		Release|Any CPU = Release|Any CPU
	EndGlobalSection
	GlobalSection(ProjectConfigurationPlatforms) = postSolution
		{194931FB-8B3E-4B57-B9CF-D1A789A0C9B4}.Debug|Any CPU.ActiveCfg = Debug|Any CPU
		{194931FB-8B3E-4B57-B9CF-D1A789A0C9B4}.Debug|Any CPU.Build.0 = Debug|Any CPU
		{194931FB-8B3E-4B57-B9CF-D1A789A0C9B4}.Release|Any CPU.ActiveCfg = Release|Any CPU
		{194931FB-8B3E-4B57-B9CF-D1A789A0C9B4}.Release|Any CPU.Build.0 = Release|Any CPU
	EndGlobalSection
	GlobalSection(SolutionProperties) = preSolution
		HideSolutionNode = FALSE
	EndGlobalSection
	GlobalSection(ExtensibilityGlobals) = postSolution
		SolutionGuid = {C76B32D6-AD9B-4ECC-8F43-6DB5597E8402}
	EndGlobalSection
EndGlobal
