
Microsoft Visual Studio Solution File, Format Version 12.00
# Visual Studio Version 16
VisualStudioVersion = 16.0.30907.101
MinimumVisualStudioVersion = 10.0.40219.1
Project("{FAE04EC0-301F-11D3-BF4B-00C04F79EFBC}") = "Ejercicio1", "Ejercicio1.csproj", "{6493F76C-488D-4D72-9DE8-428C08B430BF}"
EndProject
Global
	GlobalSection(SolutionConfigurationPlatforms) = preSolution
		Debug|Any CPU = Debug|Any CPU
		Release|Any CPU = Release|Any CPU
	EndGlobalSection
	GlobalSection(ProjectConfigurationPlatforms) = postSolution
		{6493F76C-488D-4D72-9DE8-428C08B430BF}.Debug|Any CPU.ActiveCfg = Debug|Any CPU
		{6493F76C-488D-4D72-9DE8-428C08B430BF}.Debug|Any CPU.Build.0 = Debug|Any CPU
		{6493F76C-488D-4D72-9DE8-428C08B430BF}.Release|Any CPU.ActiveCfg = Release|Any CPU
		{6493F76C-488D-4D72-9DE8-428C08B430BF}.Release|Any CPU.Build.0 = Release|Any CPU
	EndGlobalSection
	GlobalSection(SolutionProperties) = preSolution
		HideSolutionNode = FALSE
	EndGlobalSection
	GlobalSection(ExtensibilityGlobals) = postSolution
		SolutionGuid = {344BF1EC-281F-47D4-9AFE-F0336AC862BF}
	EndGlobalSection
EndGlobal
